# This file is generated by running "yarn install" inside your project.
# Manual changes might be lost - proceed with caution!

__metadata:
  version: 6
  cacheKey: 8

"@apidevtools/json-schema-ref-parser@npm:9.0.6":
  version: 9.0.6
  resolution: "@apidevtools/json-schema-ref-parser@npm:9.0.6"
  dependencies:
    "@jsdevtools/ono": ^7.1.3
    call-me-maybe: ^1.0.1
    js-yaml: ^3.13.1
  checksum: c7ff53623ab8a9dd221772a5757fa0b9e5167a5ac3a71c23596634bae6efc85d8efcdebbe17f73ee5c027ea5afc48c705e8a720f02c4909f9a357d8027040b7b
  languageName: node
  linkType: hard

"@apidevtools/openapi-schemas@npm:^2.1.0":
  version: 2.1.0
  resolution: "@apidevtools/openapi-schemas@npm:2.1.0"
  checksum: 4a8f64935b9049ef21e41fa4b188f39f6bc3f5291cebd451701db1115451ccb246a739e46cc5ce9ecdec781671431db40db7851acdac84a990a45756e0f32de3
  languageName: node
  linkType: hard

"@apidevtools/swagger-methods@npm:^3.0.2":
  version: 3.0.2
  resolution: "@apidevtools/swagger-methods@npm:3.0.2"
  checksum: d06b1ac5c1956613c4c6be695612ef860cd4e962b93a509ca551735a328a856cae1e33399cac1dcbf8333ba22b231746f3586074769ef0e172cf549ec9e7eaae
  languageName: node
  linkType: hard

"@apidevtools/swagger-parser@npm:^10.1.0":
  version: 10.1.0
  resolution: "@apidevtools/swagger-parser@npm:10.1.0"
  dependencies:
    "@apidevtools/json-schema-ref-parser": 9.0.6
    "@apidevtools/openapi-schemas": ^2.1.0
    "@apidevtools/swagger-methods": ^3.0.2
    "@jsdevtools/ono": ^7.1.3
    ajv: ^8.6.3
    ajv-draft-04: ^1.0.0
    call-me-maybe: ^1.0.1
  peerDependencies:
    openapi-types: ">=7"
  checksum: c7c923755bd025ee2cae97e1cfd525538523ba74c341a0ac814c023ffe5e63fc2d997539a8ccf9a0fcec41a2d6337d40cc5735acb991ddcbb415853a241908d1
  languageName: node
  linkType: hard

"@esbuild/android-arm64@npm:0.17.14":
  version: 0.17.14
  resolution: "@esbuild/android-arm64@npm:0.17.14"
  conditions: os=android & cpu=arm64
  languageName: node
  linkType: hard

"@esbuild/android-arm@npm:0.17.14":
  version: 0.17.14
  resolution: "@esbuild/android-arm@npm:0.17.14"
  conditions: os=android & cpu=arm
  languageName: node
  linkType: hard

"@esbuild/android-x64@npm:0.17.14":
  version: 0.17.14
  resolution: "@esbuild/android-x64@npm:0.17.14"
  conditions: os=android & cpu=x64
  languageName: node
  linkType: hard

"@esbuild/darwin-arm64@npm:0.17.14":
  version: 0.17.14
  resolution: "@esbuild/darwin-arm64@npm:0.17.14"
  conditions: os=darwin & cpu=arm64
  languageName: node
  linkType: hard

"@esbuild/darwin-x64@npm:0.17.14":
  version: 0.17.14
  resolution: "@esbuild/darwin-x64@npm:0.17.14"
  conditions: os=darwin & cpu=x64
  languageName: node
  linkType: hard

"@esbuild/freebsd-arm64@npm:0.17.14":
  version: 0.17.14
  resolution: "@esbuild/freebsd-arm64@npm:0.17.14"
  conditions: os=freebsd & cpu=arm64
  languageName: node
  linkType: hard

"@esbuild/freebsd-x64@npm:0.17.14":
  version: 0.17.14
  resolution: "@esbuild/freebsd-x64@npm:0.17.14"
  conditions: os=freebsd & cpu=x64
  languageName: node
  linkType: hard

"@esbuild/linux-arm64@npm:0.17.14":
  version: 0.17.14
  resolution: "@esbuild/linux-arm64@npm:0.17.14"
  conditions: os=linux & cpu=arm64
  languageName: node
  linkType: hard

"@esbuild/linux-arm@npm:0.17.14":
  version: 0.17.14
  resolution: "@esbuild/linux-arm@npm:0.17.14"
  conditions: os=linux & cpu=arm
  languageName: node
  linkType: hard

"@esbuild/linux-ia32@npm:0.17.14":
  version: 0.17.14
  resolution: "@esbuild/linux-ia32@npm:0.17.14"
  conditions: os=linux & cpu=ia32
  languageName: node
  linkType: hard

"@esbuild/linux-loong64@npm:0.17.14":
  version: 0.17.14
  resolution: "@esbuild/linux-loong64@npm:0.17.14"
  conditions: os=linux & cpu=loong64
  languageName: node
  linkType: hard

"@esbuild/linux-mips64el@npm:0.17.14":
  version: 0.17.14
  resolution: "@esbuild/linux-mips64el@npm:0.17.14"
  conditions: os=linux & cpu=mips64el
  languageName: node
  linkType: hard

"@esbuild/linux-ppc64@npm:0.17.14":
  version: 0.17.14
  resolution: "@esbuild/linux-ppc64@npm:0.17.14"
  conditions: os=linux & cpu=ppc64
  languageName: node
  linkType: hard

"@esbuild/linux-riscv64@npm:0.17.14":
  version: 0.17.14
  resolution: "@esbuild/linux-riscv64@npm:0.17.14"
  conditions: os=linux & cpu=riscv64
  languageName: node
  linkType: hard

"@esbuild/linux-s390x@npm:0.17.14":
  version: 0.17.14
  resolution: "@esbuild/linux-s390x@npm:0.17.14"
  conditions: os=linux & cpu=s390x
  languageName: node
  linkType: hard

"@esbuild/linux-x64@npm:0.17.14":
  version: 0.17.14
  resolution: "@esbuild/linux-x64@npm:0.17.14"
  conditions: os=linux & cpu=x64
  languageName: node
  linkType: hard

"@esbuild/netbsd-x64@npm:0.17.14":
  version: 0.17.14
  resolution: "@esbuild/netbsd-x64@npm:0.17.14"
  conditions: os=netbsd & cpu=x64
  languageName: node
  linkType: hard

"@esbuild/openbsd-x64@npm:0.17.14":
  version: 0.17.14
  resolution: "@esbuild/openbsd-x64@npm:0.17.14"
  conditions: os=openbsd & cpu=x64
  languageName: node
  linkType: hard

"@esbuild/sunos-x64@npm:0.17.14":
  version: 0.17.14
  resolution: "@esbuild/sunos-x64@npm:0.17.14"
  conditions: os=sunos & cpu=x64
  languageName: node
  linkType: hard

"@esbuild/win32-arm64@npm:0.17.14":
  version: 0.17.14
  resolution: "@esbuild/win32-arm64@npm:0.17.14"
  conditions: os=win32 & cpu=arm64
  languageName: node
  linkType: hard

"@esbuild/win32-ia32@npm:0.17.14":
  version: 0.17.14
  resolution: "@esbuild/win32-ia32@npm:0.17.14"
  conditions: os=win32 & cpu=ia32
  languageName: node
  linkType: hard

"@esbuild/win32-x64@npm:0.17.14":
  version: 0.17.14
  resolution: "@esbuild/win32-x64@npm:0.17.14"
  conditions: os=win32 & cpu=x64
  languageName: node
  linkType: hard

"@exodus/schemasafe@npm:^1.0.0-rc.2":
  version: 1.0.0
  resolution: "@exodus/schemasafe@npm:1.0.0"
  checksum: 605e9897998a28e79fba27f7d4e34b06f5e17a8f46ca112a94f59f8fab216301ef4bf6f445f75a46998823cddbb45ad3621e2072c1c7a926b3935d14c919ecde
  languageName: node
  linkType: hard

"@jsdevtools/ono@npm:^7.1.3":
  version: 7.1.3
  resolution: "@jsdevtools/ono@npm:7.1.3"
  checksum: 2297fcd472ba810bffe8519d2249171132844c7174f3a16634f9260761c8c78bc0428a4190b5b6d72d45673c13918ab9844d706c3ed4ef8f62ab11a2627a08ad
  languageName: node
  linkType: hard

"@tsconfig/esm@npm:^1.0.2":
  version: 1.0.2
  resolution: "@tsconfig/esm@npm:1.0.2"
  checksum: 2954a27be73b6a13fbba2d07a1924b3918be9cf4cf9e3a582b942eb0ca043481794b16a8209584c75853aa2c162bdd1cef7e68ffdf782537a9694194eea199c6
  languageName: node
  linkType: hard

"@tsconfig/node18@npm:^1.0.1":
  version: 1.0.1
  resolution: "@tsconfig/node18@npm:1.0.1"
  checksum: aba11b453e40b03a33321e5b2bd51ba2d5213503bb95f1ecd56a5dd0be31eef1ab9ddfe06b4eae99075692641de905d57a38d671a9288bacac82327d393de1e2
  languageName: node
  linkType: hard

"@tsconfig/strictest@npm:^2.0.0":
  version: 2.0.0
  resolution: "@tsconfig/strictest@npm:2.0.0"
  checksum: a21d79fb3eb587e3e61b5bf3e4f52bc2a4f471ca4f3b1effe93849b97a36723cecfbef8181bac2c68cba9b44ef6b220cbe64194d17826622402de144383440f3
  languageName: node
  linkType: hard

"@types/content-type@npm:^1.1.5":
  version: 1.1.5
  resolution: "@types/content-type@npm:1.1.5"
  checksum: 77d0a88003c18c4d75f8344c678545aa1f1a4c163420c38bf669ba05eb9e0a243ecd022b2c83fbd01def608c275743000c0bf37e9ac95e16f2c3af16ec70534b
  languageName: node
  linkType: hard

"@types/node@npm:18":
  version: 18.15.11
  resolution: "@types/node@npm:18.15.11"
  checksum: 977b4ad04708897ff0eb049ecf82246d210939c82461922d20f7d2dcfd81bbc661582ba3af28869210f7e8b1934529dcd46bff7d448551400f9d48b9d3bddec3
  languageName: node
  linkType: hard

"abort-controller@npm:^3.0.0":
  version: 3.0.0
  resolution: "abort-controller@npm:3.0.0"
  dependencies:
    event-target-shim: ^5.0.0
  checksum: 170bdba9b47b7e65906a28c8ce4f38a7a369d78e2271706f020849c1bfe0ee2067d4261df8bbb66eb84f79208fd5b710df759d64191db58cfba7ce8ef9c54b75
  languageName: node
  linkType: hard

"ajv-draft-04@npm:^1.0.0":
  version: 1.0.0
  resolution: "ajv-draft-04@npm:1.0.0"
  peerDependencies:
    ajv: ^8.5.0
  peerDependenciesMeta:
    ajv:
      optional: true
  checksum: 3f11fa0e7f7359bef6608657f02ab78e9cc62b1fb7bdd860db0d00351b3863a1189c1a23b72466d2d82726cab4eb20725c76f5e7c134a89865e2bfd0e6828137
  languageName: node
  linkType: hard

"ajv@npm:^8.6.3":
  version: 8.12.0
  resolution: "ajv@npm:8.12.0"
  dependencies:
    fast-deep-equal: ^3.1.1
    json-schema-traverse: ^1.0.0
    require-from-string: ^2.0.2
    uri-js: ^4.2.2
  checksum: 4dc13714e316e67537c8b31bc063f99a1d9d9a497eb4bbd55191ac0dcd5e4985bbb71570352ad6f1e76684fb6d790928f96ba3b2d4fd6e10024be9612fe3f001
  languageName: node
  linkType: hard

"ansi-regex@npm:^5.0.1":
  version: 5.0.1
  resolution: "ansi-regex@npm:5.0.1"
  checksum: 2aa4bb54caf2d622f1afdad09441695af2a83aa3fe8b8afa581d205e57ed4261c183c4d3877cee25794443fde5876417d859c108078ab788d6af7e4fe52eb66b
  languageName: node
  linkType: hard

"ansi-styles@npm:^4.0.0":
  version: 4.3.0
  resolution: "ansi-styles@npm:4.3.0"
  dependencies:
    color-convert: ^2.0.1
  checksum: 513b44c3b2105dd14cc42a19271e80f386466c4be574bccf60b627432f9198571ebf4ab1e4c3ba17347658f4ee1711c163d574248c0c1cdc2d5917a0ad582ec4
  languageName: node
  linkType: hard

"argparse@npm:^1.0.7":
  version: 1.0.10
  resolution: "argparse@npm:1.0.10"
  dependencies:
    sprintf-js: ~1.0.2
  checksum: 7ca6e45583a28de7258e39e13d81e925cfa25d7d4aacbf806a382d3c02fcb13403a07fb8aeef949f10a7cfe4a62da0e2e807b348a5980554cc28ee573ef95945
  languageName: node
  linkType: hard

"atomic-sleep@npm:^1.0.0":
  version: 1.0.0
  resolution: "atomic-sleep@npm:1.0.0"
  checksum: b95275afb2f80732f22f43a60178430c468906a415a7ff18bcd0feeebc8eec3930b51250aeda91a476062a90e07132b43a1794e8d8ffcf9b650e8139be75fa36
  languageName: node
  linkType: hard

"base64-js@npm:^1.3.1":
  version: 1.5.1
  resolution: "base64-js@npm:1.5.1"
  checksum: 669632eb3745404c2f822a18fc3a0122d2f9a7a13f7fb8b5823ee19d1d2ff9ee5b52c53367176ea4ad093c332fd5ab4bd0ebae5a8e27917a4105a4cfc86b1005
  languageName: node
  linkType: hard

"buffer@npm:^6.0.3":
  version: 6.0.3
  resolution: "buffer@npm:6.0.3"
  dependencies:
    base64-js: ^1.3.1
    ieee754: ^1.2.1
  checksum: 5ad23293d9a731e4318e420025800b42bf0d264004c0286c8cc010af7a270c7a0f6522e84f54b9ad65cbd6db20b8badbfd8d2ebf4f80fa03dab093b89e68c3f9
  languageName: node
  linkType: hard

"bytes@npm:3.1.2":
  version: 3.1.2
  resolution: "bytes@npm:3.1.2"
  checksum: e4bcd3948d289c5127591fbedf10c0b639ccbf00243504e4e127374a15c3bc8eed0d28d4aaab08ff6f1cf2abc0cce6ba3085ed32f4f90e82a5683ce0014e1b6e
  languageName: node
  linkType: hard

"call-me-maybe@npm:^1.0.1":
  version: 1.0.2
  resolution: "call-me-maybe@npm:1.0.2"
  checksum: 42ff2d0bed5b207e3f0122589162eaaa47ba618f79ad2382fe0ba14d9e49fbf901099a6227440acc5946f86a4953e8aa2d242b330b0a5de4d090bb18f8935cae
  languageName: node
  linkType: hard

"cliui@npm:^8.0.1":
  version: 8.0.1
  resolution: "cliui@npm:8.0.1"
  dependencies:
    string-width: ^4.2.0
    strip-ansi: ^6.0.1
    wrap-ansi: ^7.0.0
  checksum: 79648b3b0045f2e285b76fb2e24e207c6db44323581e421c3acbd0e86454cba1b37aea976ab50195a49e7384b871e6dfb2247ad7dec53c02454ac6497394cb56
  languageName: node
  linkType: hard

"color-convert@npm:^2.0.1":
  version: 2.0.1
  resolution: "color-convert@npm:2.0.1"
  dependencies:
    color-name: ~1.1.4
  checksum: 79e6bdb9fd479a205c71d89574fccfb22bd9053bd98c6c4d870d65c132e5e904e6034978e55b43d69fcaa7433af2016ee203ce76eeba9cfa554b373e7f7db336
  languageName: node
  linkType: hard

"color-name@npm:~1.1.4":
  version: 1.1.4
  resolution: "color-name@npm:1.1.4"
  checksum: b0445859521eb4021cd0fb0cc1a75cecf67fceecae89b63f62b201cca8d345baf8b952c966862a9d9a2632987d4f6581f0ec8d957dfacece86f0a7919316f610
  languageName: node
  linkType: hard

"content-type@npm:^1.0.5":
  version: 1.0.5
  resolution: "content-type@npm:1.0.5"
  checksum: 566271e0a251642254cde0f845f9dd4f9856e52d988f4eb0d0dcffbb7a1f8ec98de7a5215fc628f3bce30fe2fb6fd2bc064b562d721658c59b544e2d34ea2766
  languageName: node
  linkType: hard

"depd@npm:2.0.0":
  version: 2.0.0
  resolution: "depd@npm:2.0.0"
  checksum: abbe19c768c97ee2eed6282d8ce3031126662252c58d711f646921c9623f9052e3e1906443066beec1095832f534e57c523b7333f8e7e0d93051ab6baef5ab3a
  languageName: node
  linkType: hard

"emoji-regex@npm:^8.0.0":
  version: 8.0.0
  resolution: "emoji-regex@npm:8.0.0"
  checksum: d4c5c39d5a9868b5fa152f00cada8a936868fd3367f33f71be515ecee4c803132d11b31a6222b2571b1e5f7e13890156a94880345594d0ce7e3c9895f560f192
  languageName: node
  linkType: hard

"es6-promise@npm:^3.2.1":
  version: 3.3.1
  resolution: "es6-promise@npm:3.3.1"
  checksum: ce4044009c2b78db18b15212338eb711cd8a4d485961bc9ec18bb24e8c1e91c96d3295b0fcf63066fc0fa1b0ade36da05e6657827d4336dece382be2429b8398
  languageName: node
  linkType: hard

"esbuild@npm:^0.17.14":
  version: 0.17.14
  resolution: "esbuild@npm:0.17.14"
  dependencies:
    "@esbuild/android-arm": 0.17.14
    "@esbuild/android-arm64": 0.17.14
    "@esbuild/android-x64": 0.17.14
    "@esbuild/darwin-arm64": 0.17.14
    "@esbuild/darwin-x64": 0.17.14
    "@esbuild/freebsd-arm64": 0.17.14
    "@esbuild/freebsd-x64": 0.17.14
    "@esbuild/linux-arm": 0.17.14
    "@esbuild/linux-arm64": 0.17.14
    "@esbuild/linux-ia32": 0.17.14
    "@esbuild/linux-loong64": 0.17.14
    "@esbuild/linux-mips64el": 0.17.14
    "@esbuild/linux-ppc64": 0.17.14
    "@esbuild/linux-riscv64": 0.17.14
    "@esbuild/linux-s390x": 0.17.14
    "@esbuild/linux-x64": 0.17.14
    "@esbuild/netbsd-x64": 0.17.14
    "@esbuild/openbsd-x64": 0.17.14
    "@esbuild/sunos-x64": 0.17.14
    "@esbuild/win32-arm64": 0.17.14
    "@esbuild/win32-ia32": 0.17.14
    "@esbuild/win32-x64": 0.17.14
  dependenciesMeta:
    "@esbuild/android-arm":
      optional: true
    "@esbuild/android-arm64":
      optional: true
    "@esbuild/android-x64":
      optional: true
    "@esbuild/darwin-arm64":
      optional: true
    "@esbuild/darwin-x64":
      optional: true
    "@esbuild/freebsd-arm64":
      optional: true
    "@esbuild/freebsd-x64":
      optional: true
    "@esbuild/linux-arm":
      optional: true
    "@esbuild/linux-arm64":
      optional: true
    "@esbuild/linux-ia32":
      optional: true
    "@esbuild/linux-loong64":
      optional: true
    "@esbuild/linux-mips64el":
      optional: true
    "@esbuild/linux-ppc64":
      optional: true
    "@esbuild/linux-riscv64":
      optional: true
    "@esbuild/linux-s390x":
      optional: true
    "@esbuild/linux-x64":
      optional: true
    "@esbuild/netbsd-x64":
      optional: true
    "@esbuild/openbsd-x64":
      optional: true
    "@esbuild/sunos-x64":
      optional: true
    "@esbuild/win32-arm64":
      optional: true
    "@esbuild/win32-ia32":
      optional: true
    "@esbuild/win32-x64":
      optional: true
  bin:
    esbuild: bin/esbuild
  checksum: 8f4c05f5d3da04f05c48d65f60f3c6422253f406cd56a7ab7a898f0971b0366c454635a6340172874950771dc005a9928dd999b732a6d4caa504b537bfcbf2ff
  languageName: node
  linkType: hard

"escalade@npm:^3.1.1":
  version: 3.1.1
  resolution: "escalade@npm:3.1.1"
  checksum: a3e2a99f07acb74b3ad4989c48ca0c3140f69f923e56d0cba0526240ee470b91010f9d39001f2a4a313841d237ede70a729e92125191ba5d21e74b106800b133
  languageName: node
  linkType: hard

"esprima@npm:^4.0.0":
  version: 4.0.1
  resolution: "esprima@npm:4.0.1"
  bin:
    esparse: ./bin/esparse.js
    esvalidate: ./bin/esvalidate.js
  checksum: b45bc805a613dbea2835278c306b91aff6173c8d034223fa81498c77dcbce3b2931bf6006db816f62eacd9fd4ea975dfd85a5b7f3c6402cfd050d4ca3c13a628
  languageName: node
  linkType: hard

"event-target-shim@npm:^5.0.0":
  version: 5.0.1
  resolution: "event-target-shim@npm:5.0.1"
  checksum: 1ffe3bb22a6d51bdeb6bf6f7cf97d2ff4a74b017ad12284cc9e6a279e727dc30a5de6bb613e5596ff4dc3e517841339ad09a7eec44266eccb1aa201a30448166
  languageName: node
  linkType: hard

"events@npm:^3.3.0":
  version: 3.3.0
  resolution: "events@npm:3.3.0"
  checksum: f6f487ad2198aa41d878fa31452f1a3c00958f46e9019286ff4787c84aac329332ab45c9cdc8c445928fc6d7ded294b9e005a7fce9426488518017831b272780
  languageName: node
  linkType: hard

"fast-deep-equal@npm:^3.1.1":
  version: 3.1.3
  resolution: "fast-deep-equal@npm:3.1.3"
  checksum: e21a9d8d84f53493b6aa15efc9cfd53dd5b714a1f23f67fb5dc8f574af80df889b3bce25dc081887c6d25457cce704e636395333abad896ccdec03abaf1f3f9d
  languageName: node
  linkType: hard

"fast-redact@npm:^3.1.1":
  version: 3.1.2
  resolution: "fast-redact@npm:3.1.2"
  checksum: a30eb6b6830333ab213e0def55f46453ca777544dbd3a883016cb590a0eeb95e6fdf546553c1a13d509896bfba889b789991160a6d0996ceb19fce0a02e8b753
  languageName: node
  linkType: hard

"fast-safe-stringify@npm:^2.0.7":
  version: 2.1.1
  resolution: "fast-safe-stringify@npm:2.1.1"
  checksum: a851cbddc451745662f8f00ddb622d6766f9bd97642dabfd9a405fb0d646d69fc0b9a1243cbf67f5f18a39f40f6fa821737651ff1bceeba06c9992ca2dc5bd3d
  languageName: node
  linkType: hard

"get-caller-file@npm:^2.0.5":
  version: 2.0.5
  resolution: "get-caller-file@npm:2.0.5"
  checksum: b9769a836d2a98c3ee734a88ba712e62703f1df31b94b784762c433c27a386dd6029ff55c2a920c392e33657d80191edbf18c61487e198844844516f843496b9
  languageName: node
  linkType: hard

"http-errors@npm:2.0.0":
  version: 2.0.0
  resolution: "http-errors@npm:2.0.0"
  dependencies:
    depd: 2.0.0
    inherits: 2.0.4
    setprototypeof: 1.2.0
    statuses: 2.0.1
    toidentifier: 1.0.1
  checksum: 9b0a3782665c52ce9dc658a0d1560bcb0214ba5699e4ea15aefb2a496e2ca83db03ebc42e1cce4ac1f413e4e0d2d736a3fd755772c556a9a06853ba2a0b7d920
  languageName: node
  linkType: hard

"http2-client@npm:^1.2.5":
  version: 1.3.5
  resolution: "http2-client@npm:1.3.5"
  checksum: 075970adefeb86538fbef810d46586569a689711d4585f4969e0f167344a8e59857eddc0203b428aea83a278070ffd1b3a3192529e93c47a88c71da9295258eb
  languageName: node
  linkType: hard

"iconv-lite@npm:0.4.24":
  version: 0.4.24
  resolution: "iconv-lite@npm:0.4.24"
  dependencies:
    safer-buffer: ">= 2.1.2 < 3"
  checksum: bd9f120f5a5b306f0bc0b9ae1edeb1577161503f5f8252a20f1a9e56ef8775c9959fd01c55f2d3a39d9a8abaf3e30c1abeb1895f367dcbbe0a8fd1c9ca01c4f6
  languageName: node
  linkType: hard

"ieee754@npm:^1.2.1":
  version: 1.2.1
  resolution: "ieee754@npm:1.2.1"
  checksum: 5144c0c9815e54ada181d80a0b810221a253562422e7c6c3a60b1901154184f49326ec239d618c416c1c5945a2e197107aee8d986a3dd836b53dffefd99b5e7e
  languageName: node
  linkType: hard

"inherits@npm:2.0.4":
  version: 2.0.4
  resolution: "inherits@npm:2.0.4"
  checksum: 4a48a733847879d6cf6691860a6b1e3f0f4754176e4d71494c41f3475553768b10f84b5ce1d40fbd0e34e6bfbb864ee35858ad4dd2cf31e02fc4a154b724d7f1
  languageName: node
  linkType: hard

"is-fullwidth-code-point@npm:^3.0.0":
  version: 3.0.0
  resolution: "is-fullwidth-code-point@npm:3.0.0"
  checksum: 44a30c29457c7fb8f00297bce733f0a64cd22eca270f83e58c105e0d015e45c019491a4ab2faef91ab51d4738c670daff901c799f6a700e27f7314029e99e348
  languageName: node
  linkType: hard

"js-yaml@npm:^3.13.1":
  version: 3.14.1
  resolution: "js-yaml@npm:3.14.1"
  dependencies:
    argparse: ^1.0.7
    esprima: ^4.0.0
  bin:
    js-yaml: bin/js-yaml.js
  checksum: bef146085f472d44dee30ec34e5cf36bf89164f5d585435a3d3da89e52622dff0b188a580e4ad091c3341889e14cb88cac6e4deb16dc5b1e9623bb0601fc255c
  languageName: node
  linkType: hard

"json-schema-traverse@npm:^1.0.0":
  version: 1.0.0
  resolution: "json-schema-traverse@npm:1.0.0"
  checksum: 02f2f466cdb0362558b2f1fd5e15cce82ef55d60cd7f8fa828cf35ba74330f8d767fcae5c5c2adb7851fa811766c694b9405810879bc4e1ddd78a7c0e03658ad
  languageName: node
  linkType: hard

"lodash@npm:^4.17.21":
  version: 4.17.21
  resolution: "lodash@npm:4.17.21"
  checksum: eb835a2e51d381e561e508ce932ea50a8e5a68f4ebdd771ea240d3048244a8d13658acbd502cd4829768c56f2e16bdd4340b9ea141297d472517b83868e677f7
  languageName: node
  linkType: hard

"minimist@npm:^1.2.7":
  version: 1.2.8
  resolution: "minimist@npm:1.2.8"
  checksum: 75a6d645fb122dad29c06a7597bddea977258957ed88d7a6df59b5cd3fe4a527e253e9bbf2e783e4b73657f9098b96a5fe96ab8a113655d4109108577ecf85b0
  languageName: node
  linkType: hard

"node-fetch-h2@npm:^2.3.0":
  version: 2.3.0
  resolution: "node-fetch-h2@npm:2.3.0"
  dependencies:
    http2-client: ^1.2.5
  checksum: c836d6dc019ba399514e14502e6a36e16838cd5633c1525dff915f9d4ee86b7a73ef30d72327451699bd2eabe59cbf362b2185d11eff10026cd9094655ef7ed8
  languageName: node
  linkType: hard

"node-fetch@npm:^2.6.1":
  version: 2.6.9
  resolution: "node-fetch@npm:2.6.9"
  dependencies:
    whatwg-url: ^5.0.0
  peerDependencies:
    encoding: ^0.1.0
  peerDependenciesMeta:
    encoding:
      optional: true
  checksum: acb04f9ce7224965b2b59e71b33c639794d8991efd73855b0b250921382b38331ffc9d61bce502571f6cc6e11a8905ca9b1b6d4aeb586ab093e2756a1fd190d0
  languageName: node
  linkType: hard

"node-readfiles@npm:^0.2.0":
  version: 0.2.0
  resolution: "node-readfiles@npm:0.2.0"
  dependencies:
    es6-promise: ^3.2.1
  checksum: 1993bf6bff633e321ea7a8a9cd4b5d5338c2ce28b0d8fa585b68b482086b6e27e0421ff7fa4d3269bbbe2058ac230777ab708886adc48621169f699f5276772a
  languageName: node
  linkType: hard

"oas-kit-common@npm:^1.0.8":
  version: 1.0.8
  resolution: "oas-kit-common@npm:1.0.8"
  dependencies:
    fast-safe-stringify: ^2.0.7
  checksum: 576ab5f7c7fde551a9c780fde9392cb9dec5159b62c3ad4499e334bffdb12e089e97dccf2a9d0d1ac5be208f9d6f0e72da5ac3744d878134ef0177eed135cc52
  languageName: node
  linkType: hard

"oas-linter@npm:^3.2.2":
  version: 3.2.2
  resolution: "oas-linter@npm:3.2.2"
  dependencies:
    "@exodus/schemasafe": ^1.0.0-rc.2
    should: ^13.2.1
    yaml: ^1.10.0
  checksum: 24affafc6ac424a0771e5d8ebabc37bde6b020641407b785e82d01254289b34467b76e77be1dedc949e3af5a3b00f419c0395abdb7f469b3008b2686febf6960
  languageName: node
  linkType: hard

"oas-resolver@npm:^2.5.6":
  version: 2.5.6
  resolution: "oas-resolver@npm:2.5.6"
  dependencies:
    node-fetch-h2: ^2.3.0
    oas-kit-common: ^1.0.8
    reftools: ^1.1.9
    yaml: ^1.10.0
    yargs: ^17.0.1
  bin:
    resolve: resolve.js
  checksum: 0654e30c0898fd2d160b5911528df302c517cbf9ffeada2e086f28d3b780df0b96aae51527b83085f292009e64154b52e5f71f221c2e7c4f354aa201bd710a48
  languageName: node
  linkType: hard

"oas-schema-walker@npm:^1.1.5":
  version: 1.1.5
  resolution: "oas-schema-walker@npm:1.1.5"
  checksum: 27bdeda1ebcf557b90cfb5d2ac3ca8e851f601d96215747c19ce0ae8f8458ad8012701b615fe313eacf4665b733f46ec12870f72d453251217b8a3ceb2be9abf
  languageName: node
  linkType: hard

"oas-validator@npm:^5.0.8":
  version: 5.0.8
  resolution: "oas-validator@npm:5.0.8"
  dependencies:
    call-me-maybe: ^1.0.1
    oas-kit-common: ^1.0.8
    oas-linter: ^3.2.2
    oas-resolver: ^2.5.6
    oas-schema-walker: ^1.1.5
    reftools: ^1.1.9
    should: ^13.2.1
    yaml: ^1.10.0
  checksum: 9f4c27022f961ca60472a9094803f347e986f7fb9f0dd12e14bafe5dcfdb677f7108a90dc01934af167e7cf27d78ac06b9cb63ecdd9cb5d8f532a0cf83242df9
  languageName: node
  linkType: hard

"oazapfts@npm:^4.6.0":
  version: 4.6.0
  resolution: "oazapfts@npm:4.6.0"
  dependencies:
    "@apidevtools/swagger-parser": ^10.1.0
    lodash: ^4.17.21
    minimist: ^1.2.7
    swagger2openapi: ^7.0.8
    typescript: ^4.9.3
  bin:
    oazapfts: lib/codegen/cli.js
  checksum: 8e367659bb5cd71d77f25c0cf2e0744249f85a33e4fb249ac857c946634d47f08ee2188202cd4eeecb21671db3445622f81f15732b6c2981d9ea562ee21a3275
  languageName: node
  linkType: hard

"on-exit-leak-free@npm:^2.1.0":
  version: 2.1.0
  resolution: "on-exit-leak-free@npm:2.1.0"
  checksum: 7334d98b87b0c89c9b69c747760b21196ff35afdedc4eaf1a0a3a02964463d7f6802481b120e4c8298967c74773ca7b914ab2eb3d9b279010eb7f67ac4960eed
  languageName: node
  linkType: hard

"pino-abstract-transport@npm:v1.0.0":
  version: 1.0.0
  resolution: "pino-abstract-transport@npm:1.0.0"
  dependencies:
    readable-stream: ^4.0.0
    split2: ^4.0.0
  checksum: 05dd0eda52dd99fd204b39fe7b62656744b63e863bc052cdd5105d25f226a236966d0a46e39a1ace4838f6e988c608837ff946d2d0bc92835ca7baa0a3bff8d8
  languageName: node
  linkType: hard

"pino-std-serializers@npm:^6.0.0":
  version: 6.2.0
  resolution: "pino-std-serializers@npm:6.2.0"
  checksum: f96db06a5a0c1b11b2e8afcdafe129cea8a2c99449c4f0f13ee59e098d60df8347607de5f017f19c771dae5e5f5ba0dc0b75d0323559786db9d78b9d0c3dcb31
  languageName: node
  linkType: hard

"pino@npm:^8.11.0":
  version: 8.11.0
  resolution: "pino@npm:8.11.0"
  dependencies:
    atomic-sleep: ^1.0.0
    fast-redact: ^3.1.1
    on-exit-leak-free: ^2.1.0
    pino-abstract-transport: v1.0.0
    pino-std-serializers: ^6.0.0
    process-warning: ^2.0.0
    quick-format-unescaped: ^4.0.3
    real-require: ^0.2.0
    safe-stable-stringify: ^2.3.1
    sonic-boom: ^3.1.0
    thread-stream: ^2.0.0
  bin:
    pino: bin.js
  checksum: 1bcc2b9b448ec9ccef4ea189d5db7d1e0e085f6cd4d7395d087998d90186850ab176edf32a179562337a557aa51eb551ff6318a40af7cdb5963b168f87d35aa8
  languageName: node
  linkType: hard

"prettier@npm:^2.8.7":
  version: 2.8.7
  resolution: "prettier@npm:2.8.7"
  bin:
    prettier: bin-prettier.js
  checksum: fdc8f2616f099f5f0d685907f4449a70595a0fc1d081a88919604375989e0d5e9168d6121d8cc6861f21990b31665828e00472544d785d5940ea08a17660c3a6
  languageName: node
  linkType: hard

"process-warning@npm:^2.0.0":
  version: 2.2.0
  resolution: "process-warning@npm:2.2.0"
  checksum: 394ae451c2622ee7d014a7196d36658fc1a5d5cc9f3bfeb54aadd5b77fcfecc89a30a25db259ae76ff49fde3f3f3dd7031dcdfb4da2e5445dac795549352e5d0
  languageName: node
  linkType: hard

"process@npm:^0.11.10":
  version: 0.11.10
  resolution: "process@npm:0.11.10"
  checksum: bfcce49814f7d172a6e6a14d5fa3ac92cc3d0c3b9feb1279774708a719e19acd673995226351a082a9ae99978254e320ccda4240ddc474ba31a76c79491ca7c3
  languageName: node
  linkType: hard

"punycode@npm:^2.1.0":
  version: 2.3.0
  resolution: "punycode@npm:2.3.0"
  checksum: 39f760e09a2a3bbfe8f5287cf733ecdad69d6af2fe6f97ca95f24b8921858b91e9ea3c9eeec6e08cede96181b3bb33f95c6ffd8c77e63986508aa2e8159fa200
  languageName: node
  linkType: hard

"quick-format-unescaped@npm:^4.0.3":
  version: 4.0.4
  resolution: "quick-format-unescaped@npm:4.0.4"
  checksum: 7bc32b99354a1aa46c089d2a82b63489961002bb1d654cee3e6d2d8778197b68c2d854fd23d8422436ee1fdfd0abaddc4d4da120afe700ade68bd357815b26fd
  languageName: node
  linkType: hard

"raw-body@npm:^2.5.2":
  version: 2.5.2
  resolution: "raw-body@npm:2.5.2"
  dependencies:
    bytes: 3.1.2
    http-errors: 2.0.0
    iconv-lite: 0.4.24
    unpipe: 1.0.0
  checksum: ba1583c8d8a48e8fbb7a873fdbb2df66ea4ff83775421bfe21ee120140949ab048200668c47d9ae3880012f6e217052690628cf679ddfbd82c9fc9358d574676
  languageName: node
  linkType: hard

"readable-stream@npm:^4.0.0":
  version: 4.3.0
  resolution: "readable-stream@npm:4.3.0"
  dependencies:
    abort-controller: ^3.0.0
    buffer: ^6.0.3
    events: ^3.3.0
    process: ^0.11.10
  checksum: 5f8d5fc1eb0c6eb47771ad4537881126d6280666e1f10ba1e2262a670a0352c36f59e6a04d17c9a6f7c888218984836dc67f55e95a77de8bfdf06fb75f00f670
  languageName: node
  linkType: hard

"real-require@npm:^0.2.0":
  version: 0.2.0
  resolution: "real-require@npm:0.2.0"
  checksum: fa060f19f2f447adf678d1376928c76379dce5f72bd334da301685ca6cdcb7b11356813332cc243c88470796bc2e2b1e2917fc10df9143dd93c2ea608694971d
  languageName: node
  linkType: hard

"reftools@npm:^1.1.9":
  version: 1.1.9
  resolution: "reftools@npm:1.1.9"
  checksum: 3b096e6a75ca3003f0642f69784d4eaad0caad75f0ae3b99f04f6b49380f34dbdeb21d8bf97f184d6ca5aef570bbeb1ef10ee2144494a50fc056c6b2e1422043
  languageName: node
  linkType: hard

"require-directory@npm:^2.1.1":
  version: 2.1.1
  resolution: "require-directory@npm:2.1.1"
  checksum: fb47e70bf0001fdeabdc0429d431863e9475e7e43ea5f94ad86503d918423c1543361cc5166d713eaa7029dd7a3d34775af04764bebff99ef413111a5af18c80
  languageName: node
  linkType: hard

"require-from-string@npm:^2.0.2":
  version: 2.0.2
  resolution: "require-from-string@npm:2.0.2"
  checksum: a03ef6895445f33a4015300c426699bc66b2b044ba7b670aa238610381b56d3f07c686251740d575e22f4c87531ba662d06937508f0f3c0f1ddc04db3130560b
  languageName: node
  linkType: hard

"safe-stable-stringify@npm:^2.3.1":
  version: 2.4.3
  resolution: "safe-stable-stringify@npm:2.4.3"
  checksum: 3aeb64449706ee1f5ad2459fc99648b131d48e7a1fbb608d7c628020177512dc9d94108a5cb61bbc953985d313d0afea6566d243237743e02870490afef04b43
  languageName: node
  linkType: hard

"safer-buffer@npm:>= 2.1.2 < 3":
  version: 2.1.2
  resolution: "safer-buffer@npm:2.1.2"
  checksum: cab8f25ae6f1434abee8d80023d7e72b598cf1327164ddab31003c51215526801e40b66c5e65d658a0af1e9d6478cadcb4c745f4bd6751f97d8644786c0978b0
  languageName: node
  linkType: hard

"sensor-trap-application@workspace:.":
  version: 0.0.0-use.local
  resolution: "sensor-trap-application@workspace:."
  dependencies:
    "@tsconfig/esm": ^1.0.2
    "@tsconfig/node18": ^1.0.1
    "@tsconfig/strictest": ^2.0.0
    "@types/content-type": ^1.1.5
    "@types/node": 18
    content-type: ^1.0.5
    esbuild: ^0.17.14
    oazapfts: ^4.6.0
    pino: ^8.11.0
    prettier: ^2.8.7
    raw-body: ^2.5.2
    typescript: ^5.0.2
    zod: ^3.21.4
  languageName: unknown
  linkType: soft

"setprototypeof@npm:1.2.0":
  version: 1.2.0
  resolution: "setprototypeof@npm:1.2.0"
  checksum: be18cbbf70e7d8097c97f713a2e76edf84e87299b40d085c6bf8b65314e994cc15e2e317727342fa6996e38e1f52c59720b53fe621e2eb593a6847bf0356db89
  languageName: node
  linkType: hard

"should-equal@npm:^2.0.0":
  version: 2.0.0
  resolution: "should-equal@npm:2.0.0"
  dependencies:
    should-type: ^1.4.0
  checksum: 3f3580a223bf76f9309a4d957d2dcbd6059bda816f2e6656e822b7518218ef653c25e9271b2f5765ca6f5a72a217105ad343a8ceea831d15aff44dd691cc1dcd
  languageName: node
  linkType: hard

"should-format@npm:^3.0.3":
  version: 3.0.3
  resolution: "should-format@npm:3.0.3"
  dependencies:
    should-type: ^1.3.0
    should-type-adaptors: ^1.0.1
  checksum: 5304e89b4d4c42078c7f66232d13cca1d6a1c00c173f500f64160f57d4ecd7522a25106b313fe8f8694547e8a1ce4d975f1f09a3d1618f1dc054db48c0683d87
  languageName: node
  linkType: hard

"should-type-adaptors@npm:^1.0.1":
  version: 1.1.0
  resolution: "should-type-adaptors@npm:1.1.0"
  dependencies:
    should-type: ^1.3.0
    should-util: ^1.0.0
  checksum: 94dd1d225c8f2590278f46689258a1df684ca1f26262459c4e2d64a09d06935ec1410a24fe7b5f98b9429093e48afef2ed1b370634e0444b930547df4943f70d
  languageName: node
  linkType: hard

"should-type@npm:^1.3.0, should-type@npm:^1.4.0":
  version: 1.4.0
  resolution: "should-type@npm:1.4.0"
  checksum: 88d9324c6c0c2f94e71d2f8b11c84e44de81f16eeb6fafcba47f4af430c65e46bad18eb472827526cad22b4fe693aba8b022739d1c453672faf28860df223491
  languageName: node
  linkType: hard

"should-util@npm:^1.0.0":
  version: 1.0.1
  resolution: "should-util@npm:1.0.1"
  checksum: c3be15e0fdc851f8338676b3f8b590d330bbea94ec41c1343cc9983dea295915073f69a215795454b6adda6579ec8927c7c0ab178b83f9f11a0247ccdba53381
  languageName: node
  linkType: hard

"should@npm:^13.2.1":
  version: 13.2.3
  resolution: "should@npm:13.2.3"
  dependencies:
    should-equal: ^2.0.0
    should-format: ^3.0.3
    should-type: ^1.4.0
    should-type-adaptors: ^1.0.1
    should-util: ^1.0.0
  checksum: 74bcc0eb85e0a63a88e501ff9ca3b53dbc6d1ee47823c029a18a4b14b3ef4e2561733e161033df720599d2153283470e9647fdcb1bbc78903960ffb0363239c4
  languageName: node
  linkType: hard

"sonic-boom@npm:^3.1.0":
  version: 3.3.0
  resolution: "sonic-boom@npm:3.3.0"
  dependencies:
    atomic-sleep: ^1.0.0
  checksum: 4a290dd0f3edf49894bb72c631ee304dc3f9be0752c43d516808a365f341821f5cf49997c80ee7c0e67167e0e5131dc71afe7c58812858eb965d6b9746c0cac7
  languageName: node
  linkType: hard

"split2@npm:^4.0.0":
  version: 4.2.0
  resolution: "split2@npm:4.2.0"
  checksum: 05d54102546549fe4d2455900699056580cca006c0275c334611420f854da30ac999230857a85fdd9914dc2109ae50f80fda43d2a445f2aa86eccdc1dfce779d
  languageName: node
  linkType: hard

"sprintf-js@npm:~1.0.2":
  version: 1.0.3
  resolution: "sprintf-js@npm:1.0.3"
  checksum: 19d79aec211f09b99ec3099b5b2ae2f6e9cdefe50bc91ac4c69144b6d3928a640bb6ae5b3def70c2e85a2c3d9f5ec2719921e3a59d3ca3ef4b2fd1a4656a0df3
  languageName: node
  linkType: hard

"statuses@npm:2.0.1":
  version: 2.0.1
  resolution: "statuses@npm:2.0.1"
  checksum: 18c7623fdb8f646fb213ca4051be4df7efb3484d4ab662937ca6fbef7ced9b9e12842709872eb3020cc3504b93bde88935c9f6417489627a7786f24f8031cbcb
  languageName: node
  linkType: hard

"string-width@npm:^4.1.0, string-width@npm:^4.2.0, string-width@npm:^4.2.3":
  version: 4.2.3
  resolution: "string-width@npm:4.2.3"
  dependencies:
    emoji-regex: ^8.0.0
    is-fullwidth-code-point: ^3.0.0
    strip-ansi: ^6.0.1
  checksum: e52c10dc3fbfcd6c3a15f159f54a90024241d0f149cf8aed2982a2d801d2e64df0bf1dc351cf8e95c3319323f9f220c16e740b06faecd53e2462df1d2b5443fb
  languageName: node
  linkType: hard

"strip-ansi@npm:^6.0.0, strip-ansi@npm:^6.0.1":
  version: 6.0.1
  resolution: "strip-ansi@npm:6.0.1"
  dependencies:
    ansi-regex: ^5.0.1
  checksum: f3cd25890aef3ba6e1a74e20896c21a46f482e93df4a06567cebf2b57edabb15133f1f94e57434e0a958d61186087b1008e89c94875d019910a213181a14fc8c
  languageName: node
  linkType: hard

"swagger2openapi@npm:^7.0.8":
  version: 7.0.8
  resolution: "swagger2openapi@npm:7.0.8"
  dependencies:
    call-me-maybe: ^1.0.1
    node-fetch: ^2.6.1
    node-fetch-h2: ^2.3.0
    node-readfiles: ^0.2.0
    oas-kit-common: ^1.0.8
    oas-resolver: ^2.5.6
    oas-schema-walker: ^1.1.5
    oas-validator: ^5.0.8
    reftools: ^1.1.9
    yaml: ^1.10.0
    yargs: ^17.0.1
  bin:
    boast: boast.js
    oas-validate: oas-validate.js
    swagger2openapi: swagger2openapi.js
  checksum: dd0ee3b9dc3517639215471ec5bb013fcf2aa65dbee9089ec2ec4d911981ae381c63261a0a2f4e90cda668da27db6d2f5fdb89b0775cd1463a3a7f98d319c7ac
  languageName: node
  linkType: hard

"thread-stream@npm:^2.0.0":
  version: 2.3.0
  resolution: "thread-stream@npm:2.3.0"
  dependencies:
    real-require: ^0.2.0
  checksum: e9ea58f9f36320165b41c2aae5c439bf68bd3575eb533c458483d8b290e31d519979e351408c7d6e248711611434332c2a3aae2165650b028cc3eb9b1052ac16
  languageName: node
  linkType: hard

"toidentifier@npm:1.0.1":
  version: 1.0.1
  resolution: "toidentifier@npm:1.0.1"
  checksum: 952c29e2a85d7123239b5cfdd889a0dde47ab0497f0913d70588f19c53f7e0b5327c95f4651e413c74b785147f9637b17410ac8c846d5d4a20a5a33eb6dc3a45
  languageName: node
  linkType: hard

"tr46@npm:~0.0.3":
  version: 0.0.3
  resolution: "tr46@npm:0.0.3"
  checksum: 726321c5eaf41b5002e17ffbd1fb7245999a073e8979085dacd47c4b4e8068ff5777142fc6726d6ca1fd2ff16921b48788b87225cbc57c72636f6efa8efbffe3
  languageName: node
  linkType: hard

"typescript@npm:^4.9.3":
  version: 4.9.5
  resolution: "typescript@npm:4.9.5"
  bin:
    tsc: bin/tsc
    tsserver: bin/tsserver
  checksum: ee000bc26848147ad423b581bd250075662a354d84f0e06eb76d3b892328d8d4440b7487b5a83e851b12b255f55d71835b008a66cbf8f255a11e4400159237db
  languageName: node
  linkType: hard

"typescript@npm:^5.0.2":
  version: 5.0.2
  resolution: "typescript@npm:5.0.2"
  bin:
    tsc: bin/tsc
    tsserver: bin/tsserver
  checksum: bef1dcd166acfc6934b2ec4d72f93edb8961a5fab36b8dd2aaf6f4f4cd5c0210f2e0850aef4724f3b4913d5aef203a94a28ded731b370880c8bcff7e4ff91fc1
  languageName: node
  linkType: hard

"typescript@patch:typescript@^4.9.3#~builtin<compat/typescript>":
  version: 4.9.5
  resolution: "typescript@patch:typescript@npm%3A4.9.5#~builtin<compat/typescript>::version=4.9.5&hash=23ec76"
  bin:
    tsc: bin/tsc
    tsserver: bin/tsserver
  checksum: ab417a2f398380c90a6cf5a5f74badd17866adf57f1165617d6a551f059c3ba0a3e4da0d147b3ac5681db9ac76a303c5876394b13b3de75fdd5b1eaa06181c9d
  languageName: node
  linkType: hard

"typescript@patch:typescript@^5.0.2#~builtin<compat/typescript>":
  version: 5.0.2
  resolution: "typescript@patch:typescript@npm%3A5.0.2#~builtin<compat/typescript>::version=5.0.2&hash=85af82"
  bin:
    tsc: bin/tsc
    tsserver: bin/tsserver
  checksum: b63cb742fbb9aeb3085e002ad8f10d5fd963606aa4d6b3b65b4e76c396ff09739f03b5dbae08e1698c3bce9d5619d3f67aeb7ee470ed4016bd345b3cfe37b54a
  languageName: node
  linkType: hard

"unpipe@npm:1.0.0":
  version: 1.0.0
  resolution: "unpipe@npm:1.0.0"
  checksum: 4fa18d8d8d977c55cb09715385c203197105e10a6d220087ec819f50cb68870f02942244f1017565484237f1f8c5d3cd413631b1ae104d3096f24fdfde1b4aa2
  languageName: node
  linkType: hard

"uri-js@npm:^4.2.2":
  version: 4.4.1
  resolution: "uri-js@npm:4.4.1"
  dependencies:
    punycode: ^2.1.0
  checksum: 7167432de6817fe8e9e0c9684f1d2de2bb688c94388f7569f7dbdb1587c9f4ca2a77962f134ec90be0cc4d004c939ff0d05acc9f34a0db39a3c797dada262633
  languageName: node
  linkType: hard

"webidl-conversions@npm:^3.0.0":
  version: 3.0.1
  resolution: "webidl-conversions@npm:3.0.1"
  checksum: c92a0a6ab95314bde9c32e1d0a6dfac83b578f8fa5f21e675bc2706ed6981bc26b7eb7e6a1fab158e5ce4adf9caa4a0aee49a52505d4d13c7be545f15021b17c
  languageName: node
  linkType: hard

"whatwg-url@npm:^5.0.0":
  version: 5.0.0
  resolution: "whatwg-url@npm:5.0.0"
  dependencies:
    tr46: ~0.0.3
    webidl-conversions: ^3.0.0
  checksum: b8daed4ad3356cc4899048a15b2c143a9aed0dfae1f611ebd55073310c7b910f522ad75d727346ad64203d7e6c79ef25eafd465f4d12775ca44b90fa82ed9e2c
  languageName: node
  linkType: hard

"wrap-ansi@npm:^7.0.0":
  version: 7.0.0
  resolution: "wrap-ansi@npm:7.0.0"
  dependencies:
    ansi-styles: ^4.0.0
    string-width: ^4.1.0
    strip-ansi: ^6.0.0
  checksum: a790b846fd4505de962ba728a21aaeda189b8ee1c7568ca5e817d85930e06ef8d1689d49dbf0e881e8ef84436af3a88bc49115c2e2788d841ff1b8b5b51a608b
  languageName: node
  linkType: hard

"y18n@npm:^5.0.5":
  version: 5.0.8
  resolution: "y18n@npm:5.0.8"
  checksum: 54f0fb95621ee60898a38c572c515659e51cc9d9f787fb109cef6fde4befbe1c4602dc999d30110feee37456ad0f1660fa2edcfde6a9a740f86a290999550d30
  languageName: node
  linkType: hard

"yaml@npm:^1.10.0":
  version: 1.10.2
  resolution: "yaml@npm:1.10.2"
  checksum: ce4ada136e8a78a0b08dc10b4b900936912d15de59905b2bf415b4d33c63df1d555d23acb2a41b23cf9fb5da41c256441afca3d6509de7247daa062fd2c5ea5f
  languageName: node
  linkType: hard

"yargs-parser@npm:^21.1.1":
  version: 21.1.1
  resolution: "yargs-parser@npm:21.1.1"
  checksum: ed2d96a616a9e3e1cc7d204c62ecc61f7aaab633dcbfab2c6df50f7f87b393993fe6640d017759fe112d0cb1e0119f2b4150a87305cc873fd90831c6a58ccf1c
  languageName: node
  linkType: hard

"yargs@npm:^17.0.1":
  version: 17.7.1
  resolution: "yargs@npm:17.7.1"
  dependencies:
    cliui: ^8.0.1
    escalade: ^3.1.1
    get-caller-file: ^2.0.5
    require-directory: ^2.1.1
    string-width: ^4.2.3
    y18n: ^5.0.5
    yargs-parser: ^21.1.1
  checksum: 3d8a43c336a4942bc68080768664aca85c7bd406f018bad362fd255c41c8f4e650277f42fd65d543fce99e084124ddafee7bbfc1a5c6a8fda4cec78609dcf8d4
  languageName: node
  linkType: hard

"zod@npm:^3.21.4":
  version: 3.21.4
  resolution: "zod@npm:3.21.4"
  checksum: f185ba87342ff16f7a06686767c2b2a7af41110c7edf7c1974095d8db7a73792696bcb4a00853de0d2edeb34a5b2ea6a55871bc864227dace682a0a28de33e1f
  languageName: node
  linkType: hard
